Microsoft Visual Studio Solution File, Format Version 12.00
# Visual Studio Version 17
VisualStudioVersion = 17.13.35825.156
MinimumVisualStudioVersion = 10.0.40219.1
Project("{FAE04EC0-301F-11D3-BF4B-00C04F79EFBC}") = "EstimationToolMcp", "EstimationToolMcp\EstimationToolMcp.csproj", "{243316DD-7563-4A40-A4E8-23021445BA94}"
EndProject
Global
	GlobalSection(SolutionConfigurationPlatforms) = preSolution
		Debug|Any CPU = Debug|Any CPU
		Release|Any CPU = Release|Any CPU
	EndGlobalSection
	GlobalSection(ProjectConfigurationPlatforms) = postSolution
		{243316DD-7563-4A40-A4E8-23021445BA94}.Debug|Any CPU.ActiveCfg = Debug|Any CPU
		{243316DD-7563-4A40-A4E8-23021445BA94}.Debug|Any CPU.Build.0 = Debug|Any CPU
		{243316DD-7563-4A40-A4E8-23021445BA94}.Release|Any CPU.ActiveCfg = Release|Any CPU
		{243316DD-7563-4A40-A4E8-23021445BA94}.Release|Any CPU.Build.0 = Release|Any CPU
	EndGlobalSection
	GlobalSection(SolutionProperties) = preSolution
		HideSolutionNode = FALSE
	EndGlobalSection
	GlobalSection(ExtensibilityGlobals) = postSolution
		SolutionGuid = {06D31B52-39D0-4F7F-BF77-75A03C55BBF8}
	EndGlobalSection
EndGlobal
